<Solution>
  <Project Path="BLL/BusinessLayer.csproj" Id="e87e507b-ffd4-497f-91b8-dcce865e8e4f" />
  <Project Path="DAL/DataAccessLayer.csproj" Id="a9705dcc-8d72-4c57-9b95-ff1984f6628a" />
  <Project Path="DTO/DataTranferLayer.csproj" Id="f37c74db-3187-4fce-8364-54b653bfe05f" />
  <Project Path="GUI/GUI.csproj" Id="d8dd1d18-e1ac-4417-a812-c14d7d39a65e" />
</Solution>
